{
 "graph_lock": {
  "nodes": {
   "0": {
    "options": "libpq:disable_rpath=False\nlibpq:fPIC=True\nlibpq:shared=False\nlibpq:with_openssl=False\noatpp:fPIC=True\noatpp:shared=False\ntaocpp-taopq:fPIC=True\ntaocpp-taopq:shared=False",
    "requires": [
     "1",
     "2"
    ],
    "path": "conanfile.txt",
    "context": "host"
   },
   "1": {
    "ref": "oatpp/1.2.5",
    "options": "fPIC=True\nshared=False",
    "package_id": "c36572cdc38be7dbc966c1f9dd7cc86c518bcb6c",
    "prev": "0",
    "context": "host"
   },
   "2": {
    "ref": "taocpp-taopq/20200222",
    "options": "fPIC=True\nshared=False\nlibpq:disable_rpath=False\nlibpq:fPIC=True\nlibpq:shared=False\nlibpq:with_openssl=False",
    "package_id": "072e5a4fd6ed9e859c42707d1d5027e6f9fbb299",
    "prev": "0",
    "modified": true,
    "requires": [
     "3"
    ],
    "context": "host"
   },
   "3": {
    "ref": "libpq/12.2",
    "options": "disable_rpath=False\nfPIC=True\nshared=False\nwith_openssl=False",
    "package_id": "8fafab5ebfba468fd21a497cfee65cafe294bd9e",
    "prev": "0",
    "context": "host"
   }
  },
  "revisions_enabled": false
 },
 "version": "0.4",
 "profile_host": "[settings]\narch=armv8\narch_build=armv8\nbuild_type=Release\ncompiler=apple-clang\ncompiler.libcxx=libc++\ncompiler.version=12.0\nos=Macos\nos_build=Macos\n[options]\n[build_requires]\n[env]\n"
}